
Microsoft Visual Studio Solution File, Format Version 12.00
# Visual Studio Version 17
VisualStudioVersion = 17.2.32630.192
MinimumVisualStudioVersion = 10.0.40219.1
Project("{FAE04EC0-301F-11D3-BF4B-00C04F79EFBC}") = "CookieAuth", "CookieAuth\CookieAuth.csproj", "{3A5F1E1E-766F-40C0-B348-C009AA053764}"
EndProject
Global
	GlobalSection(SolutionConfigurationPlatforms) = preSolution
		Debug|Any CPU = Debug|Any CPU
		Release|Any CPU = Release|Any CPU
	EndGlobalSection
	GlobalSection(ProjectConfigurationPlatforms) = postSolution
		{3A5F1E1E-766F-40C0-B348-C009AA053764}.Debug|Any CPU.ActiveCfg = Debug|Any CPU
		{3A5F1E1E-766F-40C0-B348-C009AA053764}.Debug|Any CPU.Build.0 = Debug|Any CPU
		{3A5F1E1E-766F-40C0-B348-C009AA053764}.Release|Any CPU.ActiveCfg = Release|Any CPU
		{3A5F1E1E-766F-40C0-B348-C009AA053764}.Release|Any CPU.Build.0 = Release|Any CPU
	EndGlobalSection
	GlobalSection(SolutionProperties) = preSolution
		HideSolutionNode = FALSE
	EndGlobalSection
	GlobalSection(ExtensibilityGlobals) = postSolution
		SolutionGuid = {D5529814-27B4-48CC-AFF0-5CA2222FE53C}
	EndGlobalSection
EndGlobal
